
Microsoft Visual Studio Solution File, Format Version 12.00
# Visual Studio Version 16
VisualStudioVersion = 16.0.810.21
MinimumVisualStudioVersion = 10.0.40219.1
Project("{FAE04EC0-301F-11D3-BF4B-00C04F79EFBC}") = "backend.API", "backend.API.csproj", "{923C32F3-68C6-40DD-9762-271D1E02D0DA}"
EndProject
Global
	GlobalSection(SolutionConfigurationPlatforms) = preSolution
		Debug|Any CPU = Debug|Any CPU
		Release|Any CPU = Release|Any CPU
	EndGlobalSection
	GlobalSection(ProjectConfigurationPlatforms) = postSolution
		{923C32F3-68C6-40DD-9762-271D1E02D0DA}.Debug|Any CPU.ActiveCfg = Debug|Any CPU
		{923C32F3-68C6-40DD-9762-271D1E02D0DA}.Debug|Any CPU.Build.0 = Debug|Any CPU
		{923C32F3-68C6-40DD-9762-271D1E02D0DA}.Release|Any CPU.ActiveCfg = Release|Any CPU
		{923C32F3-68C6-40DD-9762-271D1E02D0DA}.Release|Any CPU.Build.0 = Release|Any CPU
	EndGlobalSection
	GlobalSection(SolutionProperties) = preSolution
		HideSolutionNode = FALSE
	EndGlobalSection
	GlobalSection(ExtensibilityGlobals) = postSolution
		SolutionGuid = {F3651246-1122-4A3E-810D-DE2BCD0727EF}
	EndGlobalSection
EndGlobal
